
Microsoft Visual Studio Solution File, Format Version 12.00
# Visual Studio Version 17
VisualStudioVersion = 17.2.32519.379
MinimumVisualStudioVersion = 10.0.40219.1
Project("{FAE04EC0-301F-11D3-BF4B-00C04F79EFBC}") = "TELEGA", "TELEGA\TELEGA.csproj", "{66D048B3-A2E8-4891-9762-3A7BB6E65047}"
EndProject
Global
	GlobalSection(SolutionConfigurationPlatforms) = preSolution
		Debug|Any CPU = Debug|Any CPU
		Release|Any CPU = Release|Any CPU
	EndGlobalSection
	GlobalSection(ProjectConfigurationPlatforms) = postSolution
		{66D048B3-A2E8-4891-9762-3A7BB6E65047}.Debug|Any CPU.ActiveCfg = Debug|Any CPU
		{66D048B3-A2E8-4891-9762-3A7BB6E65047}.Debug|Any CPU.Build.0 = Debug|Any CPU
		{66D048B3-A2E8-4891-9762-3A7BB6E65047}.Release|Any CPU.ActiveCfg = Release|Any CPU
		{66D048B3-A2E8-4891-9762-3A7BB6E65047}.Release|Any CPU.Build.0 = Release|Any CPU
	EndGlobalSection
	GlobalSection(SolutionProperties) = preSolution
		HideSolutionNode = FALSE
	EndGlobalSection
	GlobalSection(ExtensibilityGlobals) = postSolution
		SolutionGuid = {137B9420-1B3D-4C28-977C-6EA8027592C3}
	EndGlobalSection
EndGlobal
